
Microsoft Visual Studio Solution File, Format Version 12.00
# Visual Studio Version 17
VisualStudioVersion = 17.0.31919.166
MinimumVisualStudioVersion = 10.0.40219.1
Project("{9A19103F-16F7-4668-BE54-9A1E7A4F7556}") = "OpenIddict.Example.API", "OpenIddict.Example.API\OpenIddict.Example.API.csproj", "{AED49172-2882-4B3A-A550-6A7855BC3794}"
EndProject
Project("{2150E333-8FDC-42A3-9474-1A3956D46DE8}") = "src", "src", "{1B24C94E-0104-40C9-A5CE-CE7773B5D8BF}"
EndProject
Project("{9A19103F-16F7-4668-BE54-9A1E7A4F7556}") = "OpenIddict.Example.Server", "OpenIddict.Example.Server\OpenIddict.Example.Server.csproj", "{5813A140-3955-4E1C-B7AC-DCED7B2618EF}"
EndProject
Global
	GlobalSection(SolutionConfigurationPlatforms) = preSolution
		Debug|Any CPU = Debug|Any CPU
		Release|Any CPU = Release|Any CPU
	EndGlobalSection
	GlobalSection(ProjectConfigurationPlatforms) = postSolution
		{AED49172-2882-4B3A-A550-6A7855BC3794}.Debug|Any CPU.ActiveCfg = Debug|Any CPU
		{AED49172-2882-4B3A-A550-6A7855BC3794}.Debug|Any CPU.Build.0 = Debug|Any CPU
		{AED49172-2882-4B3A-A550-6A7855BC3794}.Release|Any CPU.ActiveCfg = Release|Any CPU
		{AED49172-2882-4B3A-A550-6A7855BC3794}.Release|Any CPU.Build.0 = Release|Any CPU
		{5813A140-3955-4E1C-B7AC-DCED7B2618EF}.Debug|Any CPU.ActiveCfg = Debug|Any CPU
		{5813A140-3955-4E1C-B7AC-DCED7B2618EF}.Debug|Any CPU.Build.0 = Debug|Any CPU
		{5813A140-3955-4E1C-B7AC-DCED7B2618EF}.Release|Any CPU.ActiveCfg = Release|Any CPU
		{5813A140-3955-4E1C-B7AC-DCED7B2618EF}.Release|Any CPU.Build.0 = Release|Any CPU
	EndGlobalSection
	GlobalSection(SolutionProperties) = preSolution
		HideSolutionNode = FALSE
	EndGlobalSection
	GlobalSection(NestedProjects) = preSolution
		{AED49172-2882-4B3A-A550-6A7855BC3794} = {1B24C94E-0104-40C9-A5CE-CE7773B5D8BF}
		{5813A140-3955-4E1C-B7AC-DCED7B2618EF} = {1B24C94E-0104-40C9-A5CE-CE7773B5D8BF}
	EndGlobalSection
	GlobalSection(ExtensibilityGlobals) = postSolution
		SolutionGuid = {1056F4A1-8E8D-40B0-B1F5-1C47FA3D861A}
	EndGlobalSection
EndGlobal
